
Microsoft Visual Studio Solution File, Format Version 12.00
# Visual Studio Version 17
VisualStudioVersion = 17.5.002.0
MinimumVisualStudioVersion = 10.0.40219.1
Project("{9A19103F-16F7-4668-BE54-9A1E7A4F7556}") = "SerilogAppInsightsAzureFunctions", "SerilogAppInsightsAzureFunctions.csproj", "{E91355C8-F19B-4E84-B27B-BF91205ED9C1}"
EndProject
Global
	GlobalSection(SolutionConfigurationPlatforms) = preSolution
		Debug|Any CPU = Debug|Any CPU
		Release|Any CPU = Release|Any CPU
	EndGlobalSection
	GlobalSection(ProjectConfigurationPlatforms) = postSolution
		{E91355C8-F19B-4E84-B27B-BF91205ED9C1}.Debug|Any CPU.ActiveCfg = Debug|Any CPU
		{E91355C8-F19B-4E84-B27B-BF91205ED9C1}.Debug|Any CPU.Build.0 = Debug|Any CPU
		{E91355C8-F19B-4E84-B27B-BF91205ED9C1}.Release|Any CPU.ActiveCfg = Release|Any CPU
		{E91355C8-F19B-4E84-B27B-BF91205ED9C1}.Release|Any CPU.Build.0 = Release|Any CPU
	EndGlobalSection
	GlobalSection(SolutionProperties) = preSolution
		HideSolutionNode = FALSE
	EndGlobalSection
	GlobalSection(ExtensibilityGlobals) = postSolution
		SolutionGuid = {484FE2A4-66F8-46B7-AFDF-77183031D0F6}
	EndGlobalSection
EndGlobal
